
Microsoft Visual Studio Solution File, Format Version 12.00
# Visual Studio 15
VisualStudioVersion = 15.0.28010.2026
MinimumVisualStudioVersion = 10.0.40219.1
Project("{FAE04EC0-301F-11D3-BF4B-00C04F79EFBC}") = "Get Smallest Numbers In A List", "Get Smallest Numbers In A List\Get Smallest Numbers In A List.csproj", "{E32C72EF-CA73-48E0-845D-AAB6C0A4F004}"
EndProject
Global
	GlobalSection(SolutionConfigurationPlatforms) = preSolution
		Debug|Any CPU = Debug|Any CPU
		Release|Any CPU = Release|Any CPU
	EndGlobalSection
	GlobalSection(ProjectConfigurationPlatforms) = postSolution
		{E32C72EF-CA73-48E0-845D-AAB6C0A4F004}.Debug|Any CPU.ActiveCfg = Debug|Any CPU
		{E32C72EF-CA73-48E0-845D-AAB6C0A4F004}.Debug|Any CPU.Build.0 = Debug|Any CPU
		{E32C72EF-CA73-48E0-845D-AAB6C0A4F004}.Release|Any CPU.ActiveCfg = Release|Any CPU
		{E32C72EF-CA73-48E0-845D-AAB6C0A4F004}.Release|Any CPU.Build.0 = Release|Any CPU
	EndGlobalSection
	GlobalSection(SolutionProperties) = preSolution
		HideSolutionNode = FALSE
	EndGlobalSection
	GlobalSection(ExtensibilityGlobals) = postSolution
		SolutionGuid = {25A0F2C9-C9B2-476B-9B81-B0E8897FF80C}
	EndGlobalSection
EndGlobal
